
Microsoft Visual Studio Solution File, Format Version 12.00
# Visual Studio Version 17
VisualStudioVersion = 17.8.34330.188
MinimumVisualStudioVersion = 10.0.40219.1
Project("{FAE04EC0-301F-11D3-BF4B-00C04F79EFBC}") = "LinkedListLab", "LinkedListLab\LinkedListLab.csproj", "{5324C086-71C8-4FFB-8186-2A1977E3DA5A}"
EndProject
Project("{FAE04EC0-301F-11D3-BF4B-00C04F79EFBC}") = "LinkedListTests", "LinkedListTests\LinkedListTests.csproj", "{2BFF86F5-4AC1-4541-A71C-578497405F5C}"
EndProject
Global
	GlobalSection(SolutionConfigurationPlatforms) = preSolution
		Debug|Any CPU = Debug|Any CPU
		Release|Any CPU = Release|Any CPU
	EndGlobalSection
	GlobalSection(ProjectConfigurationPlatforms) = postSolution
		{5324C086-71C8-4FFB-8186-2A1977E3DA5A}.Debug|Any CPU.ActiveCfg = Debug|Any CPU
		{5324C086-71C8-4FFB-8186-2A1977E3DA5A}.Debug|Any CPU.Build.0 = Debug|Any CPU
		{5324C086-71C8-4FFB-8186-2A1977E3DA5A}.Release|Any CPU.ActiveCfg = Release|Any CPU
		{5324C086-71C8-4FFB-8186-2A1977E3DA5A}.Release|Any CPU.Build.0 = Release|Any CPU
		{2BFF86F5-4AC1-4541-A71C-578497405F5C}.Debug|Any CPU.ActiveCfg = Debug|Any CPU
		{2BFF86F5-4AC1-4541-A71C-578497405F5C}.Debug|Any CPU.Build.0 = Debug|Any CPU
		{2BFF86F5-4AC1-4541-A71C-578497405F5C}.Release|Any CPU.ActiveCfg = Release|Any CPU
		{2BFF86F5-4AC1-4541-A71C-578497405F5C}.Release|Any CPU.Build.0 = Release|Any CPU
	EndGlobalSection
	GlobalSection(SolutionProperties) = preSolution
		HideSolutionNode = FALSE
	EndGlobalSection
	GlobalSection(ExtensibilityGlobals) = postSolution
		SolutionGuid = {EF6FA8B0-B4B3-4636-99AE-973D57BC2A8A}
	EndGlobalSection
EndGlobal
